
Microsoft Visual Studio Solution File, Format Version 12.00
# Visual Studio Version 16
VisualStudioVersion = 25.0.1706.0
MinimumVisualStudioVersion = 10.0.40219.1
Project("{FAE04EC0-301F-11D3-BF4B-00C04F79EFBC}") = "testeCiclodeVida", "testeCiclodeVida\testeCiclodeVida.csproj", "{65EE5118-D933-4E32-BB16-9E529E5AF1BF}"
EndProject
Global
	GlobalSection(SolutionConfigurationPlatforms) = preSolution
		Debug|Any CPU = Debug|Any CPU
		Release|Any CPU = Release|Any CPU
	EndGlobalSection
	GlobalSection(ProjectConfigurationPlatforms) = postSolution
		{65EE5118-D933-4E32-BB16-9E529E5AF1BF}.Debug|Any CPU.ActiveCfg = Debug|Any CPU
		{65EE5118-D933-4E32-BB16-9E529E5AF1BF}.Debug|Any CPU.Build.0 = Debug|Any CPU
		{65EE5118-D933-4E32-BB16-9E529E5AF1BF}.Release|Any CPU.ActiveCfg = Release|Any CPU
		{65EE5118-D933-4E32-BB16-9E529E5AF1BF}.Release|Any CPU.Build.0 = Release|Any CPU
	EndGlobalSection
	GlobalSection(SolutionProperties) = preSolution
		HideSolutionNode = FALSE
	EndGlobalSection
	GlobalSection(ExtensibilityGlobals) = postSolution
		SolutionGuid = {B4B46560-41CD-49E3-A1F0-D77077305AB5}
	EndGlobalSection
EndGlobal
